
Microsoft Visual Studio Solution File, Format Version 12.00
# Visual Studio Version 17
VisualStudioVersion = 17.0.31903.59
MinimumVisualStudioVersion = 10.0.40219.1
Project("{FAE04EC0-301F-11D3-BF4B-00C04F79EFBC}") = "CQRS.Core", "..\CQRS-ES\CQRS.Core\CQRS.Core.csproj", "{69949C67-0630-4826-84EC-CBB0DCD67E11}"
EndProject
Project("{2150E333-8FDC-42A3-9474-1A3956D46DE8}") = "Post.Cmd", "Post.Cmd", "{628A6728-8FD2-2F2B-CBE6-CFCE3CD15DEA}"
EndProject
Project("{FAE04EC0-301F-11D3-BF4B-00C04F79EFBC}") = "Post.Cmd.Api", "Post.Cmd\Post.Cmd.Api\Post.Cmd.Api.csproj", "{690714A6-2D4A-408D-8A35-7BFC579D26F6}"
EndProject
Project("{FAE04EC0-301F-11D3-BF4B-00C04F79EFBC}") = "Post.Cmd.Domain", "Post.Cmd\Post.Cmd.Domain\Post.Cmd.Domain.csproj", "{067F3AE2-3FA7-437B-B020-0C64E20C622B}"
EndProject
Project("{FAE04EC0-301F-11D3-BF4B-00C04F79EFBC}") = "Post.Cmd.Infrastructure", "Post.Cmd\Post.Cmd.Infrastructure\Post.Cmd.Infrastructure.csproj", "{389D4C21-A0EA-47BA-AEB9-3B3915E79710}"
EndProject
Project("{2150E333-8FDC-42A3-9474-1A3956D46DE8}") = "Post.Query", "Post.Query", "{0D502CB4-2678-4901-9B60-A74053C7BF91}"
EndProject
Project("{FAE04EC0-301F-11D3-BF4B-00C04F79EFBC}") = "Posts.Query.Api", "Post.Query\Posts.Query.Api\Posts.Query.Api.csproj", "{6A63962B-3B3E-41F0-A3BA-3EDCAAC9F938}"
EndProject
Project("{FAE04EC0-301F-11D3-BF4B-00C04F79EFBC}") = "Posts.Query.Domain", "Post.Query\Posts.Query.Domain\Posts.Query.Domain.csproj", "{52B33D1A-A427-4A29-AB64-E4799E6B10D1}"
EndProject
Project("{FAE04EC0-301F-11D3-BF4B-00C04F79EFBC}") = "Posts.Query.Infrastructure", "Post.Query\Posts.Query.Infrastructure\Posts.Query.Infrastructure.csproj", "{79BF6087-EFE1-4026-85C3-8929546AD6CD}"
EndProject
Global
	GlobalSection(SolutionConfigurationPlatforms) = preSolution
		Debug|Any CPU = Debug|Any CPU
		Debug|x64 = Debug|x64
		Debug|x86 = Debug|x86
		Release|Any CPU = Release|Any CPU
		Release|x64 = Release|x64
		Release|x86 = Release|x86
	EndGlobalSection
	GlobalSection(ProjectConfigurationPlatforms) = postSolution
		{69949C67-0630-4826-84EC-CBB0DCD67E11}.Debug|Any CPU.ActiveCfg = Debug|Any CPU
		{69949C67-0630-4826-84EC-CBB0DCD67E11}.Debug|Any CPU.Build.0 = Debug|Any CPU
		{69949C67-0630-4826-84EC-CBB0DCD67E11}.Debug|x64.ActiveCfg = Debug|Any CPU
		{69949C67-0630-4826-84EC-CBB0DCD67E11}.Debug|x64.Build.0 = Debug|Any CPU
		{69949C67-0630-4826-84EC-CBB0DCD67E11}.Debug|x86.ActiveCfg = Debug|Any CPU
		{69949C67-0630-4826-84EC-CBB0DCD67E11}.Debug|x86.Build.0 = Debug|Any CPU
		{69949C67-0630-4826-84EC-CBB0DCD67E11}.Release|Any CPU.ActiveCfg = Release|Any CPU
		{69949C67-0630-4826-84EC-CBB0DCD67E11}.Release|Any CPU.Build.0 = Release|Any CPU
		{69949C67-0630-4826-84EC-CBB0DCD67E11}.Release|x64.ActiveCfg = Release|Any CPU
		{69949C67-0630-4826-84EC-CBB0DCD67E11}.Release|x64.Build.0 = Release|Any CPU
		{69949C67-0630-4826-84EC-CBB0DCD67E11}.Release|x86.ActiveCfg = Release|Any CPU
		{69949C67-0630-4826-84EC-CBB0DCD67E11}.Release|x86.Build.0 = Release|Any CPU
		{690714A6-2D4A-408D-8A35-7BFC579D26F6}.Debug|Any CPU.ActiveCfg = Debug|Any CPU
		{690714A6-2D4A-408D-8A35-7BFC579D26F6}.Debug|Any CPU.Build.0 = Debug|Any CPU
		{690714A6-2D4A-408D-8A35-7BFC579D26F6}.Debug|x64.ActiveCfg = Debug|Any CPU
		{690714A6-2D4A-408D-8A35-7BFC579D26F6}.Debug|x64.Build.0 = Debug|Any CPU
		{690714A6-2D4A-408D-8A35-7BFC579D26F6}.Debug|x86.ActiveCfg = Debug|Any CPU
		{690714A6-2D4A-408D-8A35-7BFC579D26F6}.Debug|x86.Build.0 = Debug|Any CPU
		{690714A6-2D4A-408D-8A35-7BFC579D26F6}.Release|Any CPU.ActiveCfg = Release|Any CPU
		{690714A6-2D4A-408D-8A35-7BFC579D26F6}.Release|Any CPU.Build.0 = Release|Any CPU
		{690714A6-2D4A-408D-8A35-7BFC579D26F6}.Release|x64.ActiveCfg = Release|Any CPU
		{690714A6-2D4A-408D-8A35-7BFC579D26F6}.Release|x64.Build.0 = Release|Any CPU
		{690714A6-2D4A-408D-8A35-7BFC579D26F6}.Release|x86.ActiveCfg = Release|Any CPU
		{690714A6-2D4A-408D-8A35-7BFC579D26F6}.Release|x86.Build.0 = Release|Any CPU
		{067F3AE2-3FA7-437B-B020-0C64E20C622B}.Debug|Any CPU.ActiveCfg = Debug|Any CPU
		{067F3AE2-3FA7-437B-B020-0C64E20C622B}.Debug|Any CPU.Build.0 = Debug|Any CPU
		{067F3AE2-3FA7-437B-B020-0C64E20C622B}.Debug|x64.ActiveCfg = Debug|Any CPU
		{067F3AE2-3FA7-437B-B020-0C64E20C622B}.Debug|x64.Build.0 = Debug|Any CPU
		{067F3AE2-3FA7-437B-B020-0C64E20C622B}.Debug|x86.ActiveCfg = Debug|Any CPU
		{067F3AE2-3FA7-437B-B020-0C64E20C622B}.Debug|x86.Build.0 = Debug|Any CPU
		{067F3AE2-3FA7-437B-B020-0C64E20C622B}.Release|Any CPU.ActiveCfg = Release|Any CPU
		{067F3AE2-3FA7-437B-B020-0C64E20C622B}.Release|Any CPU.Build.0 = Release|Any CPU
		{067F3AE2-3FA7-437B-B020-0C64E20C622B}.Release|x64.ActiveCfg = Release|Any CPU
		{067F3AE2-3FA7-437B-B020-0C64E20C622B}.Release|x64.Build.0 = Release|Any CPU
		{067F3AE2-3FA7-437B-B020-0C64E20C622B}.Release|x86.ActiveCfg = Release|Any CPU
		{067F3AE2-3FA7-437B-B020-0C64E20C622B}.Release|x86.Build.0 = Release|Any CPU
		{389D4C21-A0EA-47BA-AEB9-3B3915E79710}.Debug|Any CPU.ActiveCfg = Debug|Any CPU
		{389D4C21-A0EA-47BA-AEB9-3B3915E79710}.Debug|Any CPU.Build.0 = Debug|Any CPU
		{389D4C21-A0EA-47BA-AEB9-3B3915E79710}.Debug|x64.ActiveCfg = Debug|Any CPU
		{389D4C21-A0EA-47BA-AEB9-3B3915E79710}.Debug|x64.Build.0 = Debug|Any CPU
		{389D4C21-A0EA-47BA-AEB9-3B3915E79710}.Debug|x86.ActiveCfg = Debug|Any CPU
		{389D4C21-A0EA-47BA-AEB9-3B3915E79710}.Debug|x86.Build.0 = Debug|Any CPU
		{389D4C21-A0EA-47BA-AEB9-3B3915E79710}.Release|Any CPU.ActiveCfg = Release|Any CPU
		{389D4C21-A0EA-47BA-AEB9-3B3915E79710}.Release|Any CPU.Build.0 = Release|Any CPU
		{389D4C21-A0EA-47BA-AEB9-3B3915E79710}.Release|x64.ActiveCfg = Release|Any CPU
		{389D4C21-A0EA-47BA-AEB9-3B3915E79710}.Release|x64.Build.0 = Release|Any CPU
		{389D4C21-A0EA-47BA-AEB9-3B3915E79710}.Release|x86.ActiveCfg = Release|Any CPU
		{389D4C21-A0EA-47BA-AEB9-3B3915E79710}.Release|x86.Build.0 = Release|Any CPU
		{6A63962B-3B3E-41F0-A3BA-3EDCAAC9F938}.Debug|Any CPU.ActiveCfg = Debug|Any CPU
		{6A63962B-3B3E-41F0-A3BA-3EDCAAC9F938}.Debug|Any CPU.Build.0 = Debug|Any CPU
		{6A63962B-3B3E-41F0-A3BA-3EDCAAC9F938}.Debug|x64.ActiveCfg = Debug|Any CPU
		{6A63962B-3B3E-41F0-A3BA-3EDCAAC9F938}.Debug|x64.Build.0 = Debug|Any CPU
		{6A63962B-3B3E-41F0-A3BA-3EDCAAC9F938}.Debug|x86.ActiveCfg = Debug|Any CPU
		{6A63962B-3B3E-41F0-A3BA-3EDCAAC9F938}.Debug|x86.Build.0 = Debug|Any CPU
		{6A63962B-3B3E-41F0-A3BA-3EDCAAC9F938}.Release|Any CPU.ActiveCfg = Release|Any CPU
		{6A63962B-3B3E-41F0-A3BA-3EDCAAC9F938}.Release|Any CPU.Build.0 = Release|Any CPU
		{6A63962B-3B3E-41F0-A3BA-3EDCAAC9F938}.Release|x64.ActiveCfg = Release|Any CPU
		{6A63962B-3B3E-41F0-A3BA-3EDCAAC9F938}.Release|x64.Build.0 = Release|Any CPU
		{6A63962B-3B3E-41F0-A3BA-3EDCAAC9F938}.Release|x86.ActiveCfg = Release|Any CPU
		{6A63962B-3B3E-41F0-A3BA-3EDCAAC9F938}.Release|x86.Build.0 = Release|Any CPU
		{52B33D1A-A427-4A29-AB64-E4799E6B10D1}.Debug|Any CPU.ActiveCfg = Debug|Any CPU
		{52B33D1A-A427-4A29-AB64-E4799E6B10D1}.Debug|Any CPU.Build.0 = Debug|Any CPU
		{52B33D1A-A427-4A29-AB64-E4799E6B10D1}.Debug|x64.ActiveCfg = Debug|Any CPU
		{52B33D1A-A427-4A29-AB64-E4799E6B10D1}.Debug|x64.Build.0 = Debug|Any CPU
		{52B33D1A-A427-4A29-AB64-E4799E6B10D1}.Debug|x86.ActiveCfg = Debug|Any CPU
		{52B33D1A-A427-4A29-AB64-E4799E6B10D1}.Debug|x86.Build.0 = Debug|Any CPU
		{52B33D1A-A427-4A29-AB64-E4799E6B10D1}.Release|Any CPU.ActiveCfg = Release|Any CPU
		{52B33D1A-A427-4A29-AB64-E4799E6B10D1}.Release|Any CPU.Build.0 = Release|Any CPU
		{52B33D1A-A427-4A29-AB64-E4799E6B10D1}.Release|x64.ActiveCfg = Release|Any CPU
		{52B33D1A-A427-4A29-AB64-E4799E6B10D1}.Release|x64.Build.0 = Release|Any CPU
		{52B33D1A-A427-4A29-AB64-E4799E6B10D1}.Release|x86.ActiveCfg = Release|Any CPU
		{52B33D1A-A427-4A29-AB64-E4799E6B10D1}.Release|x86.Build.0 = Release|Any CPU
		{79BF6087-EFE1-4026-85C3-8929546AD6CD}.Debug|Any CPU.ActiveCfg = Debug|Any CPU
		{79BF6087-EFE1-4026-85C3-8929546AD6CD}.Debug|Any CPU.Build.0 = Debug|Any CPU
		{79BF6087-EFE1-4026-85C3-8929546AD6CD}.Debug|x64.ActiveCfg = Debug|Any CPU
		{79BF6087-EFE1-4026-85C3-8929546AD6CD}.Debug|x64.Build.0 = Debug|Any CPU
		{79BF6087-EFE1-4026-85C3-8929546AD6CD}.Debug|x86.ActiveCfg = Debug|Any CPU
		{79BF6087-EFE1-4026-85C3-8929546AD6CD}.Debug|x86.Build.0 = Debug|Any CPU
		{79BF6087-EFE1-4026-85C3-8929546AD6CD}.Release|Any CPU.ActiveCfg = Release|Any CPU
		{79BF6087-EFE1-4026-85C3-8929546AD6CD}.Release|Any CPU.Build.0 = Release|Any CPU
		{79BF6087-EFE1-4026-85C3-8929546AD6CD}.Release|x64.ActiveCfg = Release|Any CPU
		{79BF6087-EFE1-4026-85C3-8929546AD6CD}.Release|x64.Build.0 = Release|Any CPU
		{79BF6087-EFE1-4026-85C3-8929546AD6CD}.Release|x86.ActiveCfg = Release|Any CPU
		{79BF6087-EFE1-4026-85C3-8929546AD6CD}.Release|x86.Build.0 = Release|Any CPU
	EndGlobalSection
	GlobalSection(SolutionProperties) = preSolution
		HideSolutionNode = FALSE
	EndGlobalSection
	GlobalSection(NestedProjects) = preSolution
		{690714A6-2D4A-408D-8A35-7BFC579D26F6} = {628A6728-8FD2-2F2B-CBE6-CFCE3CD15DEA}
		{067F3AE2-3FA7-437B-B020-0C64E20C622B} = {628A6728-8FD2-2F2B-CBE6-CFCE3CD15DEA}
		{389D4C21-A0EA-47BA-AEB9-3B3915E79710} = {628A6728-8FD2-2F2B-CBE6-CFCE3CD15DEA}
		{6A63962B-3B3E-41F0-A3BA-3EDCAAC9F938} = {0D502CB4-2678-4901-9B60-A74053C7BF91}
		{52B33D1A-A427-4A29-AB64-E4799E6B10D1} = {0D502CB4-2678-4901-9B60-A74053C7BF91}
		{79BF6087-EFE1-4026-85C3-8929546AD6CD} = {0D502CB4-2678-4901-9B60-A74053C7BF91}
	EndGlobalSection
	GlobalSection(ExtensibilityGlobals) = postSolution
		SolutionGuid = {CE3F709B-94F2-4E76-8E3F-A40D5A47EA65}
	EndGlobalSection
EndGlobal
